
Microsoft Visual Studio Solution File, Format Version 12.00
# Visual Studio 15
VisualStudioVersion = 15.0.27703.2035
MinimumVisualStudioVersion = 10.0.40219.1
Project("{FAE04EC0-301F-11D3-BF4B-00C04F79EFBC}") = "CartExample", "CartExample\CartExample.csproj", "{0ECB6204-02F2-410A-B34C-6692314A625F}"
EndProject
Project("{FAE04EC0-301F-11D3-BF4B-00C04F79EFBC}") = "CartExample.Tests", "CartExample.Tests\CartExample.Tests.csproj", "{04133382-A050-42B5-8C61-C168835B575D}"
EndProject
Global
	GlobalSection(SolutionConfigurationPlatforms) = preSolution
		Debug|Any CPU = Debug|Any CPU
		Release|Any CPU = Release|Any CPU
	EndGlobalSection
	GlobalSection(ProjectConfigurationPlatforms) = postSolution
		{0ECB6204-02F2-410A-B34C-6692314A625F}.Debug|Any CPU.ActiveCfg = Debug|Any CPU
		{0ECB6204-02F2-410A-B34C-6692314A625F}.Debug|Any CPU.Build.0 = Debug|Any CPU
		{0ECB6204-02F2-410A-B34C-6692314A625F}.Release|Any CPU.ActiveCfg = Release|Any CPU
		{0ECB6204-02F2-410A-B34C-6692314A625F}.Release|Any CPU.Build.0 = Release|Any CPU
		{04133382-A050-42B5-8C61-C168835B575D}.Debug|Any CPU.ActiveCfg = Debug|Any CPU
		{04133382-A050-42B5-8C61-C168835B575D}.Debug|Any CPU.Build.0 = Debug|Any CPU
		{04133382-A050-42B5-8C61-C168835B575D}.Release|Any CPU.ActiveCfg = Release|Any CPU
		{04133382-A050-42B5-8C61-C168835B575D}.Release|Any CPU.Build.0 = Release|Any CPU
	EndGlobalSection
	GlobalSection(SolutionProperties) = preSolution
		HideSolutionNode = FALSE
	EndGlobalSection
	GlobalSection(ExtensibilityGlobals) = postSolution
		SolutionGuid = {FCC98A19-91ED-4DA1-9A0C-A080660B3651}
	EndGlobalSection
EndGlobal
